// !$*UTF8*$!
{
	archiveVersion = 1;
	classes = {
	};
	objectVersion = 56;
	objects = {

/* Begin PBXBuildFile section */
		0713E76E29D82B9900823D44 /* NavigationViewBootCamp.swift in Sources */ = {isa = PBXBuildFile; fileRef = 0713E76D29D82B9900823D44 /* NavigationViewBootCamp.swift */; };
		0713E77029D8320100823D44 /* ListBootCamp.swift in Sources */ = {isa = PBXBuildFile; fileRef = 0713E76F29D8320100823D44 /* ListBootCamp.swift */; };
		0713E77229D8749200823D44 /* AllertsBootCamp.swift in Sources */ = {isa = PBXBuildFile; fileRef = 0713E77129D8749200823D44 /* AllertsBootCamp.swift */; };
		0713E77629D8B63E00823D44 /* ActionSheetBootCamp.swift in Sources */ = {isa = PBXBuildFile; fileRef = 0713E77529D8B63E00823D44 /* ActionSheetBootCamp.swift */; };
		07346EFB29D412F0006AF426 /* SpacerBootCamp.swift in Sources */ = {isa = PBXBuildFile; fileRef = 07346EFA29D412F0006AF426 /* SpacerBootCamp.swift */; };
		07346EFD29D41954006AF426 /* InitializerBootCamp.swift in Sources */ = {isa = PBXBuildFile; fileRef = 07346EFC29D41954006AF426 /* InitializerBootCamp.swift */; };
		07420A2029D4B3C1006A831D /* GridBottCamp.swift in Sources */ = {isa = PBXBuildFile; fileRef = 07420A1F29D4B3C1006A831D /* GridBottCamp.swift */; };
		07486C9629D332BA00DE59C2 /* OverlayBootCamp.swift in Sources */ = {isa = PBXBuildFile; fileRef = 07486C9529D332BA00DE59C2 /* OverlayBootCamp.swift */; };
		07486C9829D33ACC00DE59C2 /* StacksBootCamp.swift in Sources */ = {isa = PBXBuildFile; fileRef = 07486C9729D33ACC00DE59C2 /* StacksBootCamp.swift */; };
		07486C9A29D3419300DE59C2 /* PaddingBootCamp.swift in Sources */ = {isa = PBXBuildFile; fileRef = 07486C9929D3419300DE59C2 /* PaddingBootCamp.swift */; };
		074DEBEB29D5638F00096BD5 /* SaveAreaBootCamp.swift in Sources */ = {isa = PBXBuildFile; fileRef = 074DEBEA29D5638F00096BD5 /* SaveAreaBootCamp.swift */; };
		074DEBED29D56D2500096BD5 /* StatePropertyBootCamp.swift in Sources */ = {isa = PBXBuildFile; fileRef = 074DEBEC29D56D2500096BD5 /* StatePropertyBootCamp.swift */; };
		074DEBEF29D5D46700096BD5 /* ExtractedFunctionsBootCamp.swift in Sources */ = {isa = PBXBuildFile; fileRef = 074DEBEE29D5D46700096BD5 /* ExtractedFunctionsBootCamp.swift */; };
		074DEBF129D5DB2A00096BD5 /* ExtractSubviewsBootCamp.swift in Sources */ = {isa = PBXBuildFile; fileRef = 074DEBF029D5DB2A00096BD5 /* ExtractSubviewsBootCamp.swift */; };
		074DEBF329D5E1C900096BD5 /* BindingBootCamp.swift in Sources */ = {isa = PBXBuildFile; fileRef = 074DEBF229D5E1C900096BD5 /* BindingBootCamp.swift */; };
		074DEBF529D6B3D500096BD5 /* ConditionalBootCamp.swift in Sources */ = {isa = PBXBuildFile; fileRef = 074DEBF429D6B3D500096BD5 /* ConditionalBootCamp.swift */; };
		074DEBF729D6CE2500096BD5 /* TernaryBootCamp.swift in Sources */ = {isa = PBXBuildFile; fileRef = 074DEBF629D6CE2500096BD5 /* TernaryBootCamp.swift */; };
		074DEBF929D6D50700096BD5 /* AnimationBootCamp.swift in Sources */ = {isa = PBXBuildFile; fileRef = 074DEBF829D6D50700096BD5 /* AnimationBootCamp.swift */; };
		074DEBFB29D72AEC00096BD5 /* AnimationTimingBootCamp.swift in Sources */ = {isa = PBXBuildFile; fileRef = 074DEBFA29D72AEC00096BD5 /* AnimationTimingBootCamp.swift */; };
		074DEBFD29D736D300096BD5 /* TransitionBootCamp.swift in Sources */ = {isa = PBXBuildFile; fileRef = 074DEBFC29D736D300096BD5 /* TransitionBootCamp.swift */; };
		074DEBFF29D73BA900096BD5 /* SheetsBootCamp.swift in Sources */ = {isa = PBXBuildFile; fileRef = 074DEBFE29D73BA900096BD5 /* SheetsBootCamp.swift */; };
		074DEC0129D7426200096BD5 /* PopOverBootCamp.swift in Sources */ = {isa = PBXBuildFile; fileRef = 074DEC0029D7426200096BD5 /* PopOverBootCamp.swift */; };
		074DF9B529D9561C0083F906 /* ContextMenuBootCamp.swift in Sources */ = {isa = PBXBuildFile; fileRef = 074DF9B429D9561C0083F906 /* ContextMenuBootCamp.swift */; };
		074DF9B729D95A330083F906 /* TextFieldBootCamp.swift in Sources */ = {isa = PBXBuildFile; fileRef = 074DF9B629D95A330083F906 /* TextFieldBootCamp.swift */; };
		0754F5DD29D4223500CDC7A9 /* ForEachBootCamp.swift in Sources */ = {isa = PBXBuildFile; fileRef = 0754F5DC29D4223500CDC7A9 /* ForEachBootCamp.swift */; };
		0754F5DF29D48A4E00CDC7A9 /* ScrollViewBootCamp.swift in Sources */ = {isa = PBXBuildFile; fileRef = 0754F5DE29D48A4E00CDC7A9 /* ScrollViewBootCamp.swift */; };
		07CBCDE729D17DE300BA451A /* SwiftfulThinkingBootcampApp.swift in Sources */ = {isa = PBXBuildFile; fileRef = 07CBCDE629D17DE300BA451A /* SwiftfulThinkingBootcampApp.swift */; };
		07CBCDE929D17DE300BA451A /* ContentView.swift in Sources */ = {isa = PBXBuildFile; fileRef = 07CBCDE829D17DE300BA451A /* ContentView.swift */; };
		07CBCDEB29D17DE400BA451A /* Assets.xcassets in Resources */ = {isa = PBXBuildFile; fileRef = 07CBCDEA29D17DE400BA451A /* Assets.xcassets */; };
		07CBCDEE29D17DE400BA451A /* Preview Assets.xcassets in Resources */ = {isa = PBXBuildFile; fileRef = 07CBCDED29D17DE400BA451A /* Preview Assets.xcassets */; };
		07CBCDF529D1822500BA451A /* TextBootCamp.swift in Sources */ = {isa = PBXBuildFile; fileRef = 07CBCDF429D1822500BA451A /* TextBootCamp.swift */; };
		07CBCDF729D18B9300BA451A /* ShapesBootCamp.swift in Sources */ = {isa = PBXBuildFile; fileRef = 07CBCDF629D18B9300BA451A /* ShapesBootCamp.swift */; };
		07CBCDF929D1936500BA451A /* ColorsBootCamp.swift in Sources */ = {isa = PBXBuildFile; fileRef = 07CBCDF829D1936500BA451A /* ColorsBootCamp.swift */; };
		07CBCDFB29D1C96E00BA451A /* SymbolsBootCamp.swift in Sources */ = {isa = PBXBuildFile; fileRef = 07CBCDFA29D1C96E00BA451A /* SymbolsBootCamp.swift */; };
		07CBCDFD29D1CD5300BA451A /* ImageBootCamp.swift in Sources */ = {isa = PBXBuildFile; fileRef = 07CBCDFC29D1CD5300BA451A /* ImageBootCamp.swift */; };
		07CBCE0129D1CFE700BA451A /* ButtonsBootCamp.swift in Sources */ = {isa = PBXBuildFile; fileRef = 07CBCE0029D1CFE700BA451A /* ButtonsBootCamp.swift */; };
		07CBCE0329D1D6CD00BA451A /* FrameBootCamp.swift in Sources */ = {isa = PBXBuildFile; fileRef = 07CBCE0229D1D6CD00BA451A /* FrameBootCamp.swift */; };
/* End PBXBuildFile section */

/* Begin PBXFileReference section */
		0713E76D29D82B9900823D44 /* NavigationViewBootCamp.swift */ = {isa = PBXFileReference; lastKnownFileType = sourcecode.swift; path = NavigationViewBootCamp.swift; sourceTree = "<group>"; };
		0713E76F29D8320100823D44 /* ListBootCamp.swift */ = {isa = PBXFileReference; lastKnownFileType = sourcecode.swift; path = ListBootCamp.swift; sourceTree = "<group>"; };
		0713E77129D8749200823D44 /* AllertsBootCamp.swift */ = {isa = PBXFileReference; lastKnownFileType = sourcecode.swift; path = AllertsBootCamp.swift; sourceTree = "<group>"; };
		0713E77529D8B63E00823D44 /* ActionSheetBootCamp.swift */ = {isa = PBXFileReference; lastKnownFileType = sourcecode.swift; path = ActionSheetBootCamp.swift; sourceTree = "<group>"; };
		07346EFA29D412F0006AF426 /* SpacerBootCamp.swift */ = {isa = PBXFileReference; lastKnownFileType = sourcecode.swift; path = SpacerBootCamp.swift; sourceTree = "<group>"; };
		07346EFC29D41954006AF426 /* InitializerBootCamp.swift */ = {isa = PBXFileReference; lastKnownFileType = sourcecode.swift; path = InitializerBootCamp.swift; sourceTree = "<group>"; };
		07420A1F29D4B3C1006A831D /* GridBottCamp.swift */ = {isa = PBXFileReference; lastKnownFileType = sourcecode.swift; path = GridBottCamp.swift; sourceTree = "<group>"; };
		07486C9529D332BA00DE59C2 /* OverlayBootCamp.swift */ = {isa = PBXFileReference; lastKnownFileType = sourcecode.swift; path = OverlayBootCamp.swift; sourceTree = "<group>"; };
		07486C9729D33ACC00DE59C2 /* StacksBootCamp.swift */ = {isa = PBXFileReference; lastKnownFileType = sourcecode.swift; path = StacksBootCamp.swift; sourceTree = "<group>"; };
		07486C9929D3419300DE59C2 /* PaddingBootCamp.swift */ = {isa = PBXFileReference; lastKnownFileType = sourcecode.swift; path = PaddingBootCamp.swift; sourceTree = "<group>"; };
		074DEBEA29D5638F00096BD5 /* SaveAreaBootCamp.swift */ = {isa = PBXFileReference; lastKnownFileType = sourcecode.swift; path = SaveAreaBootCamp.swift; sourceTree = "<group>"; };
		074DEBEC29D56D2500096BD5 /* StatePropertyBootCamp.swift */ = {isa = PBXFileReference; lastKnownFileType = sourcecode.swift; path = StatePropertyBootCamp.swift; sourceTree = "<group>"; };
		074DEBEE29D5D46700096BD5 /* ExtractedFunctionsBootCamp.swift */ = {isa = PBXFileReference; lastKnownFileType = sourcecode.swift; path = ExtractedFunctionsBootCamp.swift; sourceTree = "<group>"; };
		074DEBF029D5DB2A00096BD5 /* ExtractSubviewsBootCamp.swift */ = {isa = PBXFileReference; lastKnownFileType = sourcecode.swift; path = ExtractSubviewsBootCamp.swift; sourceTree = "<group>"; };
		074DEBF229D5E1C900096BD5 /* BindingBootCamp.swift */ = {isa = PBXFileReference; lastKnownFileType = sourcecode.swift; path = BindingBootCamp.swift; sourceTree = "<group>"; };
		074DEBF429D6B3D500096BD5 /* ConditionalBootCamp.swift */ = {isa = PBXFileReference; lastKnownFileType = sourcecode.swift; path = ConditionalBootCamp.swift; sourceTree = "<group>"; };
		074DEBF629D6CE2500096BD5 /* TernaryBootCamp.swift */ = {isa = PBXFileReference; lastKnownFileType = sourcecode.swift; path = TernaryBootCamp.swift; sourceTree = "<group>"; };
		074DEBF829D6D50700096BD5 /* AnimationBootCamp.swift */ = {isa = PBXFileReference; lastKnownFileType = sourcecode.swift; path = AnimationBootCamp.swift; sourceTree = "<group>"; };
		074DEBFA29D72AEC00096BD5 /* AnimationTimingBootCamp.swift */ = {isa = PBXFileReference; lastKnownFileType = sourcecode.swift; path = AnimationTimingBootCamp.swift; sourceTree = "<group>"; };
		074DEBFC29D736D300096BD5 /* TransitionBootCamp.swift */ = {isa = PBXFileReference; lastKnownFileType = sourcecode.swift; path = TransitionBootCamp.swift; sourceTree = "<group>"; };
		074DEBFE29D73BA900096BD5 /* SheetsBootCamp.swift */ = {isa = PBXFileReference; lastKnownFileType = sourcecode.swift; path = SheetsBootCamp.swift; sourceTree = "<group>"; };
		074DEC0029D7426200096BD5 /* PopOverBootCamp.swift */ = {isa = PBXFileReference; lastKnownFileType = sourcecode.swift; path = PopOverBootCamp.swift; sourceTree = "<group>"; };
		074DF9B429D9561C0083F906 /* ContextMenuBootCamp.swift */ = {isa = PBXFileReference; lastKnownFileType = sourcecode.swift; path = ContextMenuBootCamp.swift; sourceTree = "<group>"; };
		074DF9B629D95A330083F906 /* TextFieldBootCamp.swift */ = {isa = PBXFileReference; lastKnownFileType = sourcecode.swift; path = TextFieldBootCamp.swift; sourceTree = "<group>"; };
		0754F5DC29D4223500CDC7A9 /* ForEachBootCamp.swift */ = {isa = PBXFileReference; lastKnownFileType = sourcecode.swift; path = ForEachBootCamp.swift; sourceTree = "<group>"; };
		0754F5DE29D48A4E00CDC7A9 /* ScrollViewBootCamp.swift */ = {isa = PBXFileReference; lastKnownFileType = sourcecode.swift; path = ScrollViewBootCamp.swift; sourceTree = "<group>"; };
		07CBCDE329D17DE300BA451A /* SwiftfulThinkingBootcamp.app */ = {isa = PBXFileReference; explicitFileType = wrapper.application; includeInIndex = 0; path = SwiftfulThinkingBootcamp.app; sourceTree = BUILT_PRODUCTS_DIR; };
		07CBCDE629D17DE300BA451A /* SwiftfulThinkingBootcampApp.swift */ = {isa = PBXFileReference; lastKnownFileType = sourcecode.swift; path = SwiftfulThinkingBootcampApp.swift; sourceTree = "<group>"; };
		07CBCDE829D17DE300BA451A /* ContentView.swift */ = {isa = PBXFileReference; lastKnownFileType = sourcecode.swift; path = ContentView.swift; sourceTree = "<group>"; };
		07CBCDEA29D17DE400BA451A /* Assets.xcassets */ = {isa = PBXFileReference; lastKnownFileType = folder.assetcatalog; path = Assets.xcassets; sourceTree = "<group>"; };
		07CBCDED29D17DE400BA451A /* Preview Assets.xcassets */ = {isa = PBXFileReference; lastKnownFileType = folder.assetcatalog; path = "Preview Assets.xcassets"; sourceTree = "<group>"; };
		07CBCDF429D1822500BA451A /* TextBootCamp.swift */ = {isa = PBXFileReference; lastKnownFileType = sourcecode.swift; path = TextBootCamp.swift; sourceTree = "<group>"; };
		07CBCDF629D18B9300BA451A /* ShapesBootCamp.swift */ = {isa = PBXFileReference; lastKnownFileType = sourcecode.swift; path = ShapesBootCamp.swift; sourceTree = "<group>"; };
		07CBCDF829D1936500BA451A /* ColorsBootCamp.swift */ = {isa = PBXFileReference; lastKnownFileType = sourcecode.swift; path = ColorsBootCamp.swift; sourceTree = "<group>"; };
		07CBCDFA29D1C96E00BA451A /* SymbolsBootCamp.swift */ = {isa = PBXFileReference; lastKnownFileType = sourcecode.swift; path = SymbolsBootCamp.swift; sourceTree = "<group>"; };
		07CBCDFC29D1CD5300BA451A /* ImageBootCamp.swift */ = {isa = PBXFileReference; lastKnownFileType = sourcecode.swift; path = ImageBootCamp.swift; sourceTree = "<group>"; };
		07CBCE0029D1CFE700BA451A /* ButtonsBootCamp.swift */ = {isa = PBXFileReference; lastKnownFileType = sourcecode.swift; path = ButtonsBootCamp.swift; sourceTree = "<group>"; };
		07CBCE0229D1D6CD00BA451A /* FrameBootCamp.swift */ = {isa = PBXFileReference; lastKnownFileType = sourcecode.swift; path = FrameBootCamp.swift; sourceTree = "<group>"; };
/* End PBXFileReference section */

/* Begin PBXFrameworksBuildPhase section */
		07CBCDE029D17DE300BA451A /* Frameworks */ = {
			isa = PBXFrameworksBuildPhase;
			buildActionMask = 2147483647;
			files = (
			);
			runOnlyForDeploymentPostprocessing = 0;
		};
/* End PBXFrameworksBuildPhase section */

/* Begin PBXGroup section */
		07CBCDDA29D17DE300BA451A = {
			isa = PBXGroup;
			children = (
				07CBCDE529D17DE300BA451A /* SwiftfulThinkingBootcamp */,
				07CBCDE429D17DE300BA451A /* Products */,
			);
			sourceTree = "<group>";
		};
		07CBCDE429D17DE300BA451A /* Products */ = {
			isa = PBXGroup;
			children = (
				07CBCDE329D17DE300BA451A /* SwiftfulThinkingBootcamp.app */,
			);
			name = Products;
			sourceTree = "<group>";
		};
		07CBCDE529D17DE300BA451A /* SwiftfulThinkingBootcamp */ = {
			isa = PBXGroup;
			children = (
				07CBCDE629D17DE300BA451A /* SwiftfulThinkingBootcampApp.swift */,
				07CBCDE829D17DE300BA451A /* ContentView.swift */,
				07CBCDEA29D17DE400BA451A /* Assets.xcassets */,
				07CBCDEC29D17DE400BA451A /* Preview Content */,
				07CBCDF429D1822500BA451A /* TextBootCamp.swift */,
				07CBCDF829D1936500BA451A /* ColorsBootCamp.swift */,
				07CBCDF629D18B9300BA451A /* ShapesBootCamp.swift */,
				07CBCDFA29D1C96E00BA451A /* SymbolsBootCamp.swift */,
				07CBCDFC29D1CD5300BA451A /* ImageBootCamp.swift */,
				07CBCE0029D1CFE700BA451A /* ButtonsBootCamp.swift */,
				07CBCE0229D1D6CD00BA451A /* FrameBootCamp.swift */,
				07486C9529D332BA00DE59C2 /* OverlayBootCamp.swift */,
				07486C9729D33ACC00DE59C2 /* StacksBootCamp.swift */,
				07486C9929D3419300DE59C2 /* PaddingBootCamp.swift */,
				07346EFA29D412F0006AF426 /* SpacerBootCamp.swift */,
				07346EFC29D41954006AF426 /* InitializerBootCamp.swift */,
				0754F5DC29D4223500CDC7A9 /* ForEachBootCamp.swift */,
				0754F5DE29D48A4E00CDC7A9 /* ScrollViewBootCamp.swift */,
				07420A1F29D4B3C1006A831D /* GridBottCamp.swift */,
				074DEBEA29D5638F00096BD5 /* SaveAreaBootCamp.swift */,
				074DEBEC29D56D2500096BD5 /* StatePropertyBootCamp.swift */,
				074DEBEE29D5D46700096BD5 /* ExtractedFunctionsBootCamp.swift */,
				074DEBF029D5DB2A00096BD5 /* ExtractSubviewsBootCamp.swift */,
				074DEBF229D5E1C900096BD5 /* BindingBootCamp.swift */,
				074DEBF429D6B3D500096BD5 /* ConditionalBootCamp.swift */,
				074DEBF629D6CE2500096BD5 /* TernaryBootCamp.swift */,
				074DEBF829D6D50700096BD5 /* AnimationBootCamp.swift */,
				074DEBFA29D72AEC00096BD5 /* AnimationTimingBootCamp.swift */,
				074DEBFC29D736D300096BD5 /* TransitionBootCamp.swift */,
				074DEBFE29D73BA900096BD5 /* SheetsBootCamp.swift */,
				074DEC0029D7426200096BD5 /* PopOverBootCamp.swift */,
				0713E76D29D82B9900823D44 /* NavigationViewBootCamp.swift */,
				0713E76F29D8320100823D44 /* ListBootCamp.swift */,
				0713E77129D8749200823D44 /* AllertsBootCamp.swift */,
				0713E77529D8B63E00823D44 /* ActionSheetBootCamp.swift */,
				074DF9B429D9561C0083F906 /* ContextMenuBootCamp.swift */,
				074DF9B629D95A330083F906 /* TextFieldBootCamp.swift */,
			);
			path = SwiftfulThinkingBootcamp;
			sourceTree = "<group>";
		};
		07CBCDEC29D17DE400BA451A /* Preview Content */ = {
			isa = PBXGroup;
			children = (
				07CBCDED29D17DE400BA451A /* Preview Assets.xcassets */,
			);
			path = "Preview Content";
			sourceTree = "<group>";
		};
/* End PBXGroup section */

/* Begin PBXNativeTarget section */
		07CBCDE229D17DE300BA451A /* SwiftfulThinkingBootcamp */ = {
			isa = PBXNativeTarget;
			buildConfigurationList = 07CBCDF129D17DE400BA451A /* Build configuration list for PBXNativeTarget "SwiftfulThinkingBootcamp" */;
			buildPhases = (
				07CBCDDF29D17DE300BA451A /* Sources */,
				07CBCDE029D17DE300BA451A /* Frameworks */,
				07CBCDE129D17DE300BA451A /* Resources */,
			);
			buildRules = (
			);
			dependencies = (
			);
			name = SwiftfulThinkingBootcamp;
			productName = SwiftfulThinkingBootcamp;
			productReference = 07CBCDE329D17DE300BA451A /* SwiftfulThinkingBootcamp.app */;
			productType = "com.apple.product-type.application";
		};
/* End PBXNativeTarget section */

/* Begin PBXProject section */
		07CBCDDB29D17DE300BA451A /* Project object */ = {
			isa = PBXProject;
			attributes = {
				BuildIndependentTargetsInParallel = 1;
				LastSwiftUpdateCheck = 1420;
				LastUpgradeCheck = 1420;
				TargetAttributes = {
					07CBCDE229D17DE300BA451A = {
						CreatedOnToolsVersion = 14.2;
					};
				};
			};
			buildConfigurationList = 07CBCDDE29D17DE300BA451A /* Build configuration list for PBXProject "SwiftfulThinkingBootcamp" */;
			compatibilityVersion = "Xcode 14.0";
			developmentRegion = en;
			hasScannedForEncodings = 0;
			knownRegions = (
				en,
				Base,
			);
			mainGroup = 07CBCDDA29D17DE300BA451A;
			productRefGroup = 07CBCDE429D17DE300BA451A /* Products */;
			projectDirPath = "";
			projectRoot = "";
			targets = (
				07CBCDE229D17DE300BA451A /* SwiftfulThinkingBootcamp */,
			);
		};
/* End PBXProject section */

/* Begin PBXResourcesBuildPhase section */
		07CBCDE129D17DE300BA451A /* Resources */ = {
			isa = PBXResourcesBuildPhase;
			buildActionMask = 2147483647;
			files = (
				07CBCDEE29D17DE400BA451A /* Preview Assets.xcassets in Resources */,
				07CBCDEB29D17DE400BA451A /* Assets.xcassets in Resources */,
			);
			runOnlyForDeploymentPostprocessing = 0;
		};
/* End PBXResourcesBuildPhase section */

/* Begin PBXSourcesBuildPhase section */
		07CBCDDF29D17DE300BA451A /* Sources */ = {
			isa = PBXSourcesBuildPhase;
			buildActionMask = 2147483647;
			files = (
				074DEBF329D5E1C900096BD5 /* BindingBootCamp.swift in Sources */,
				074DEBFB29D72AEC00096BD5 /* AnimationTimingBootCamp.swift in Sources */,
				074DEBFD29D736D300096BD5 /* TransitionBootCamp.swift in Sources */,
				07486C9A29D3419300DE59C2 /* PaddingBootCamp.swift in Sources */,
				074DEBF729D6CE2500096BD5 /* TernaryBootCamp.swift in Sources */,
				074DEBF529D6B3D500096BD5 /* ConditionalBootCamp.swift in Sources */,
				0754F5DD29D4223500CDC7A9 /* ForEachBootCamp.swift in Sources */,
				0754F5DF29D48A4E00CDC7A9 /* ScrollViewBootCamp.swift in Sources */,
				07CBCDF929D1936500BA451A /* ColorsBootCamp.swift in Sources */,
				074DEBF929D6D50700096BD5 /* AnimationBootCamp.swift in Sources */,
				074DEBEB29D5638F00096BD5 /* SaveAreaBootCamp.swift in Sources */,
				07CBCDE929D17DE300BA451A /* ContentView.swift in Sources */,
				074DEBFF29D73BA900096BD5 /* SheetsBootCamp.swift in Sources */,
				074DF9B529D9561C0083F906 /* ContextMenuBootCamp.swift in Sources */,
				07CBCDFD29D1CD5300BA451A /* ImageBootCamp.swift in Sources */,
				07486C9629D332BA00DE59C2 /* OverlayBootCamp.swift in Sources */,
				0713E77029D8320100823D44 /* ListBootCamp.swift in Sources */,
				074DEBED29D56D2500096BD5 /* StatePropertyBootCamp.swift in Sources */,
				07486C9829D33ACC00DE59C2 /* StacksBootCamp.swift in Sources */,
				07420A2029D4B3C1006A831D /* GridBottCamp.swift in Sources */,
				074DEC0129D7426200096BD5 /* PopOverBootCamp.swift in Sources */,
				07346EFB29D412F0006AF426 /* SpacerBootCamp.swift in Sources */,
				074DF9B729D95A330083F906 /* TextFieldBootCamp.swift in Sources */,
				07CBCDFB29D1C96E00BA451A /* SymbolsBootCamp.swift in Sources */,
				0713E76E29D82B9900823D44 /* NavigationViewBootCamp.swift in Sources */,
				0713E77629D8B63E00823D44 /* ActionSheetBootCamp.swift in Sources */,
				074DEBF129D5DB2A00096BD5 /* ExtractSubviewsBootCamp.swift in Sources */,
				07CBCE0129D1CFE700BA451A /* ButtonsBootCamp.swift in Sources */,
				07346EFD29D41954006AF426 /* InitializerBootCamp.swift in Sources */,
				07CBCDE729D17DE300BA451A /* SwiftfulThinkingBootcampApp.swift in Sources */,
				07CBCDF529D1822500BA451A /* TextBootCamp.swift in Sources */,
				0713E77229D8749200823D44 /* AllertsBootCamp.swift in Sources */,
				07CBCDF729D18B9300BA451A /* ShapesBootCamp.swift in Sources */,
				074DEBEF29D5D46700096BD5 /* ExtractedFunctionsBootCamp.swift in Sources */,
				07CBCE0329D1D6CD00BA451A /* FrameBootCamp.swift in Sources */,
			);
			runOnlyForDeploymentPostprocessing = 0;
		};
/* End PBXSourcesBuildPhase section */

/* Begin XCBuildConfiguration section */
		07CBCDEF29D17DE400BA451A /* Debug */ = {
			isa = XCBuildConfiguration;
			buildSettings = {
				ALWAYS_SEARCH_USER_PATHS = NO;
				CLANG_ANALYZER_NONNULL = YES;
				CLANG_ANALYZER_NUMBER_OBJECT_CONVERSION = YES_AGGRESSIVE;
				CLANG_CXX_LANGUAGE_STANDARD = "gnu++20";
				CLANG_ENABLE_MODULES = YES;
				CLANG_ENABLE_OBJC_ARC = YES;
				CLANG_ENABLE_OBJC_WEAK = YES;
				CLANG_WARN_BLOCK_CAPTURE_AUTORELEASING = YES;
				CLANG_WARN_BOOL_CONVERSION = YES;
				CLANG_WARN_COMMA = YES;
				CLANG_WARN_CONSTANT_CONVERSION = YES;
				CLANG_WARN_DEPRECATED_OBJC_IMPLEMENTATIONS = YES;
				CLANG_WARN_DIRECT_OBJC_ISA_USAGE = YES_ERROR;
				CLANG_WARN_DOCUMENTATION_COMMENTS = YES;
				CLANG_WARN_EMPTY_BODY = YES;
				CLANG_WARN_ENUM_CONVERSION = YES;
				CLANG_WARN_INFINITE_RECURSION = YES;
				CLANG_WARN_INT_CONVERSION = YES;
				CLANG_WARN_NON_LITERAL_NULL_CONVERSION = YES;
				CLANG_WARN_OBJC_IMPLICIT_RETAIN_SELF = YES;
				CLANG_WARN_OBJC_LITERAL_CONVERSION = YES;
				CLANG_WARN_OBJC_ROOT_CLASS = YES_ERROR;
				CLANG_WARN_QUOTED_INCLUDE_IN_FRAMEWORK_HEADER = YES;
				CLANG_WARN_RANGE_LOOP_ANALYSIS = YES;
				CLANG_WARN_STRICT_PROTOTYPES = YES;
				CLANG_WARN_SUSPICIOUS_MOVE = YES;
				CLANG_WARN_UNGUARDED_AVAILABILITY = YES_AGGRESSIVE;
				CLANG_WARN_UNREACHABLE_CODE = YES;
				CLANG_WARN__DUPLICATE_METHOD_MATCH = YES;
				COPY_PHASE_STRIP = NO;
				DEBUG_INFORMATION_FORMAT = dwarf;
				ENABLE_STRICT_OBJC_MSGSEND = YES;
				ENABLE_TESTABILITY = YES;
				GCC_C_LANGUAGE_STANDARD = gnu11;
				GCC_DYNAMIC_NO_PIC = NO;
				GCC_NO_COMMON_BLOCKS = YES;
				GCC_OPTIMIZATION_LEVEL = 0;
				GCC_PREPROCESSOR_DEFINITIONS = (
					"DEBUG=1",
					"$(inherited)",
				);
				GCC_WARN_64_TO_32_BIT_CONVERSION = YES;
				GCC_WARN_ABOUT_RETURN_TYPE = YES_ERROR;
				GCC_WARN_UNDECLARED_SELECTOR = YES;
				GCC_WARN_UNINITIALIZED_AUTOS = YES_AGGRESSIVE;
				GCC_WARN_UNUSED_FUNCTION = YES;
				GCC_WARN_UNUSED_VARIABLE = YES;
				IPHONEOS_DEPLOYMENT_TARGET = 16.2;
				MTL_ENABLE_DEBUG_INFO = INCLUDE_SOURCE;
				MTL_FAST_MATH = YES;
				ONLY_ACTIVE_ARCH = YES;
				SDKROOT = iphoneos;
				SWIFT_ACTIVE_COMPILATION_CONDITIONS = DEBUG;
				SWIFT_OPTIMIZATION_LEVEL = "-Onone";
			};
			name = Debug;
		};
		07CBCDF029D17DE400BA451A /* Release */ = {
			isa = XCBuildConfiguration;
			buildSettings = {
				ALWAYS_SEARCH_USER_PATHS = NO;
				CLANG_ANALYZER_NONNULL = YES;
				CLANG_ANALYZER_NUMBER_OBJECT_CONVERSION = YES_AGGRESSIVE;
				CLANG_CXX_LANGUAGE_STANDARD = "gnu++20";
				CLANG_ENABLE_MODULES = YES;
				CLANG_ENABLE_OBJC_ARC = YES;
				CLANG_ENABLE_OBJC_WEAK = YES;
				CLANG_WARN_BLOCK_CAPTURE_AUTORELEASING = YES;
				CLANG_WARN_BOOL_CONVERSION = YES;
				CLANG_WARN_COMMA = YES;
				CLANG_WARN_CONSTANT_CONVERSION = YES;
				CLANG_WARN_DEPRECATED_OBJC_IMPLEMENTATIONS = YES;
				CLANG_WARN_DIRECT_OBJC_ISA_USAGE = YES_ERROR;
				CLANG_WARN_DOCUMENTATION_COMMENTS = YES;
				CLANG_WARN_EMPTY_BODY = YES;
				CLANG_WARN_ENUM_CONVERSION = YES;
				CLANG_WARN_INFINITE_RECURSION = YES;
				CLANG_WARN_INT_CONVERSION = YES;
				CLANG_WARN_NON_LITERAL_NULL_CONVERSION = YES;
				CLANG_WARN_OBJC_IMPLICIT_RETAIN_SELF = YES;
				CLANG_WARN_OBJC_LITERAL_CONVERSION = YES;
				CLANG_WARN_OBJC_ROOT_CLASS = YES_ERROR;
				CLANG_WARN_QUOTED_INCLUDE_IN_FRAMEWORK_HEADER = YES;
				CLANG_WARN_RANGE_LOOP_ANALYSIS = YES;
				CLANG_WARN_STRICT_PROTOTYPES = YES;
				CLANG_WARN_SUSPICIOUS_MOVE = YES;
				CLANG_WARN_UNGUARDED_AVAILABILITY = YES_AGGRESSIVE;
				CLANG_WARN_UNREACHABLE_CODE = YES;
				CLANG_WARN__DUPLICATE_METHOD_MATCH = YES;
				COPY_PHASE_STRIP = NO;
				DEBUG_INFORMATION_FORMAT = "dwarf-with-dsym";
				ENABLE_NS_ASSERTIONS = NO;
				ENABLE_STRICT_OBJC_MSGSEND = YES;
				GCC_C_LANGUAGE_STANDARD = gnu11;
				GCC_NO_COMMON_BLOCKS = YES;
				GCC_WARN_64_TO_32_BIT_CONVERSION = YES;
				GCC_WARN_ABOUT_RETURN_TYPE = YES_ERROR;
				GCC_WARN_UNDECLARED_SELECTOR = YES;
				GCC_WARN_UNINITIALIZED_AUTOS = YES_AGGRESSIVE;
				GCC_WARN_UNUSED_FUNCTION = YES;
				GCC_WARN_UNUSED_VARIABLE = YES;
				IPHONEOS_DEPLOYMENT_TARGET = 16.2;
				MTL_ENABLE_DEBUG_INFO = NO;
				MTL_FAST_MATH = YES;
				SDKROOT = iphoneos;
				SWIFT_COMPILATION_MODE = wholemodule;
				SWIFT_OPTIMIZATION_LEVEL = "-O";
				VALIDATE_PRODUCT = YES;
			};
			name = Release;
		};
		07CBCDF229D17DE400BA451A /* Debug */ = {
			isa = XCBuildConfiguration;
			buildSettings = {
				ASSETCATALOG_COMPILER_APPICON_NAME = AppIcon;
				ASSETCATALOG_COMPILER_GLOBAL_ACCENT_COLOR_NAME = AccentColor;
				CODE_SIGN_STYLE = Automatic;
				CURRENT_PROJECT_VERSION = 1;
				DEVELOPMENT_ASSET_PATHS = "\"SwiftfulThinkingBootcamp/Preview Content\"";
				DEVELOPMENT_TEAM = GSL8H3798K;
				ENABLE_PREVIEWS = YES;
				GENERATE_INFOPLIST_FILE = YES;
				INFOPLIST_KEY_UIApplicationSceneManifest_Generation = YES;
				INFOPLIST_KEY_UIApplicationSupportsIndirectInputEvents = YES;
				INFOPLIST_KEY_UILaunchScreen_Generation = YES;
				INFOPLIST_KEY_UISupportedInterfaceOrientations_iPad = "UIInterfaceOrientationPortrait UIInterfaceOrientationPortraitUpsideDown UIInterfaceOrientationLandscapeLeft UIInterfaceOrientationLandscapeRight";
				INFOPLIST_KEY_UISupportedInterfaceOrientations_iPhone = "UIInterfaceOrientationPortrait UIInterfaceOrientationLandscapeLeft UIInterfaceOrientationLandscapeRight";
				LD_RUNPATH_SEARCH_PATHS = (
					"$(inherited)",
					"@executable_path/Frameworks",
				);
				MARKETING_VERSION = 1.0;
				PRODUCT_BUNDLE_IDENTIFIER = com.martinkaeser.SwiftfulThinkingBootcamp;
				PRODUCT_NAME = "$(TARGET_NAME)";
				SWIFT_EMIT_LOC_STRINGS = YES;
				SWIFT_VERSION = 5.0;
				TARGETED_DEVICE_FAMILY = "1,2";
			};
			name = Debug;
		};
		07CBCDF329D17DE400BA451A /* Release */ = {
			isa = XCBuildConfiguration;
			buildSettings = {
				ASSETCATALOG_COMPILER_APPICON_NAME = AppIcon;
				ASSETCATALOG_COMPILER_GLOBAL_ACCENT_COLOR_NAME = AccentColor;
				CODE_SIGN_STYLE = Automatic;
				CURRENT_PROJECT_VERSION = 1;
				DEVELOPMENT_ASSET_PATHS = "\"SwiftfulThinkingBootcamp/Preview Content\"";
				DEVELOPMENT_TEAM = GSL8H3798K;
				ENABLE_PREVIEWS = YES;
				GENERATE_INFOPLIST_FILE = YES;
				INFOPLIST_KEY_UIApplicationSceneManifest_Generation = YES;
				INFOPLIST_KEY_UIApplicationSupportsIndirectInputEvents = YES;
				INFOPLIST_KEY_UILaunchScreen_Generation = YES;
				INFOPLIST_KEY_UISupportedInterfaceOrientations_iPad = "UIInterfaceOrientationPortrait UIInterfaceOrientationPortraitUpsideDown UIInterfaceOrientationLandscapeLeft UIInterfaceOrientationLandscapeRight";
				INFOPLIST_KEY_UISupportedInterfaceOrientations_iPhone = "UIInterfaceOrientationPortrait UIInterfaceOrientationLandscapeLeft UIInterfaceOrientationLandscapeRight";
				LD_RUNPATH_SEARCH_PATHS = (
					"$(inherited)",
					"@executable_path/Frameworks",
				);
				MARKETING_VERSION = 1.0;
				PRODUCT_BUNDLE_IDENTIFIER = com.martinkaeser.SwiftfulThinkingBootcamp;
				PRODUCT_NAME = "$(TARGET_NAME)";
				SWIFT_EMIT_LOC_STRINGS = YES;
				SWIFT_VERSION = 5.0;
				TARGETED_DEVICE_FAMILY = "1,2";
			};
			name = Release;
		};
/* End XCBuildConfiguration section */

/* Begin XCConfigurationList section */
		07CBCDDE29D17DE300BA451A /* Build configuration list for PBXProject "SwiftfulThinkingBootcamp" */ = {
			isa = XCConfigurationList;
			buildConfigurations = (
				07CBCDEF29D17DE400BA451A /* Debug */,
				07CBCDF029D17DE400BA451A /* Release */,
			);
			defaultConfigurationIsVisible = 0;
			defaultConfigurationName = Release;
		};
		07CBCDF129D17DE400BA451A /* Build configuration list for PBXNativeTarget "SwiftfulThinkingBootcamp" */ = {
			isa = XCConfigurationList;
			buildConfigurations = (
				07CBCDF229D17DE400BA451A /* Debug */,
				07CBCDF329D17DE400BA451A /* Release */,
			);
			defaultConfigurationIsVisible = 0;
			defaultConfigurationName = Release;
		};
/* End XCConfigurationList section */
	};
	rootObject = 07CBCDDB29D17DE300BA451A /* Project object */;
}
